
Microsoft Visual Studio Solution File, Format Version 12.00
# Visual Studio Version 17
VisualStudioVersion = 17.8.34511.84
MinimumVisualStudioVersion = 10.0.40219.1
Project("{FAE04EC0-301F-11D3-BF4B-00C04F79EFBC}") = "Bypasser", "Bypasser\Bypasser.csproj", "{C2A46E05-F07A-41E7-9766-50C8E26D40A6}"
EndProject
Global
	GlobalSection(SolutionConfigurationPlatforms) = preSolution
		Debug|Any CPU = Debug|Any CPU
		Release|Any CPU = Release|Any CPU
	EndGlobalSection
	GlobalSection(ProjectConfigurationPlatforms) = postSolution
		{C2A46E05-F07A-41E7-9766-50C8E26D40A6}.Debug|Any CPU.ActiveCfg = Debug|Any CPU
		{C2A46E05-F07A-41E7-9766-50C8E26D40A6}.Debug|Any CPU.Build.0 = Debug|Any CPU
		{C2A46E05-F07A-41E7-9766-50C8E26D40A6}.Release|Any CPU.ActiveCfg = Release|Any CPU
		{C2A46E05-F07A-41E7-9766-50C8E26D40A6}.Release|Any CPU.Build.0 = Release|Any CPU
	EndGlobalSection
	GlobalSection(SolutionProperties) = preSolution
		HideSolutionNode = FALSE
	EndGlobalSection
	GlobalSection(ExtensibilityGlobals) = postSolution
		SolutionGuid = {22FE77F9-6552-448E-97A7-FDDAD7283E86}
	EndGlobalSection
EndGlobal
